
Microsoft Visual Studio Solution File, Format Version 12.00
# Visual Studio Version 17
VisualStudioVersion = 17.7.34024.191
MinimumVisualStudioVersion = 10.0.40219.1
Project("{FAE04EC0-301F-11D3-BF4B-00C04F79EFBC}") = "Fibonacci", "Fibonacci.csproj", "{BC3E51A4-4DDE-45A8-9678-FB061B655CE2}"
EndProject
Global
	GlobalSection(SolutionConfigurationPlatforms) = preSolution
		Debug|Any CPU = Debug|Any CPU
		Release|Any CPU = Release|Any CPU
	EndGlobalSection
	GlobalSection(ProjectConfigurationPlatforms) = postSolution
		{BC3E51A4-4DDE-45A8-9678-FB061B655CE2}.Debug|Any CPU.ActiveCfg = Debug|Any CPU
		{BC3E51A4-4DDE-45A8-9678-FB061B655CE2}.Debug|Any CPU.Build.0 = Debug|Any CPU
		{BC3E51A4-4DDE-45A8-9678-FB061B655CE2}.Release|Any CPU.ActiveCfg = Release|Any CPU
		{BC3E51A4-4DDE-45A8-9678-FB061B655CE2}.Release|Any CPU.Build.0 = Release|Any CPU
	EndGlobalSection
	GlobalSection(SolutionProperties) = preSolution
		HideSolutionNode = FALSE
	EndGlobalSection
	GlobalSection(ExtensibilityGlobals) = postSolution
		SolutionGuid = {D0695DD6-3784-49FE-A541-752757F2DA34}
	EndGlobalSection
EndGlobal
